# This file is automatically @generated by Cargo.
# It is not intended for manual editing.
version = 4

[[package]]
name = "ribble"
version = "0.1.0"
dependencies = [
 "ribble-assets",
 "ribble-audio",
 "ribble-core",
 "ribble-ecs",
 "ribble-editor",
 "ribble-math",
 "ribble-net",
 "ribble-render",
 "ribble-window",
]

[[package]]
name = "ribble-assets"
version = "0.1.0"

[[package]]
name = "ribble-audio"
version = "0.1.0"

[[package]]
name = "ribble-core"
version = "0.1.0"

[[package]]
name = "ribble-ecs"
version = "0.1.0"

[[package]]
name = "ribble-editor"
version = "0.1.0"

[[package]]
name = "ribble-math"
version = "0.1.0"

[[package]]
name = "ribble-net"
version = "0.1.0"

[[package]]
name = "ribble-render"
version = "0.1.0"

[[package]]
name = "ribble-window"
version = "0.1.0"
